
Microsoft Visual Studio Solution File, Format Version 12.00
# Visual Studio Version 17
VisualStudioVersion = 17.6.33829.357
MinimumVisualStudioVersion = 10.0.40219.1
Project("{FAE04EC0-301F-11D3-BF4B-00C04F79EFBC}") = "Demanda", "Demanda\Demanda.csproj", "{6E08FEE6-FB51-4F70-9943-82E74A002089}"
EndProject
Global
	GlobalSection(SolutionConfigurationPlatforms) = preSolution
		Debug|Any CPU = Debug|Any CPU
		Release|Any CPU = Release|Any CPU
	EndGlobalSection
	GlobalSection(ProjectConfigurationPlatforms) = postSolution
		{6E08FEE6-FB51-4F70-9943-82E74A002089}.Debug|Any CPU.ActiveCfg = Debug|Any CPU
		{6E08FEE6-FB51-4F70-9943-82E74A002089}.Debug|Any CPU.Build.0 = Debug|Any CPU
		{6E08FEE6-FB51-4F70-9943-82E74A002089}.Release|Any CPU.ActiveCfg = Release|Any CPU
		{6E08FEE6-FB51-4F70-9943-82E74A002089}.Release|Any CPU.Build.0 = Release|Any CPU
	EndGlobalSection
	GlobalSection(SolutionProperties) = preSolution
		HideSolutionNode = FALSE
	EndGlobalSection
	GlobalSection(ExtensibilityGlobals) = postSolution
		SolutionGuid = {ABC0C79B-75B6-4D87-B3C5-94475D90B97A}
	EndGlobalSection
EndGlobal
